
Microsoft Visual Studio Solution File, Format Version 12.00
# Visual Studio Version 16
VisualStudioVersion = 16.0.30114.105
MinimumVisualStudioVersion = 10.0.40219.1
Project("{FAE04EC0-301F-11D3-BF4B-00C04F79EFBC}") = "Q1", "SampleProj\Q1.csproj", "{E45DBEDB-A27C-4424-A1CC-749E49C2CCB7}"
EndProject
Global
	GlobalSection(SolutionConfigurationPlatforms) = preSolution
		Debug|Any CPU = Debug|Any CPU
		Release|Any CPU = Release|Any CPU
	EndGlobalSection
	GlobalSection(SolutionProperties) = preSolution
		HideSolutionNode = FALSE
	EndGlobalSection
	GlobalSection(ProjectConfigurationPlatforms) = postSolution
		{E45DBEDB-A27C-4424-A1CC-749E49C2CCB7}.Debug|Any CPU.ActiveCfg = Debug|Any CPU
		{E45DBEDB-A27C-4424-A1CC-749E49C2CCB7}.Debug|Any CPU.Build.0 = Debug|Any CPU
		{E45DBEDB-A27C-4424-A1CC-749E49C2CCB7}.Release|Any CPU.ActiveCfg = Release|Any CPU
		{E45DBEDB-A27C-4424-A1CC-749E49C2CCB7}.Release|Any CPU.Build.0 = Release|Any CPU
	EndGlobalSection
EndGlobal
