
Microsoft Visual Studio Solution File, Format Version 12.00
# Visual Studio Version 16
VisualStudioVersion = 16.0.30114.105
MinimumVisualStudioVersion = 10.0.40219.1
Project("{FAE04EC0-301F-11D3-BF4B-00C04F79EFBC}") = "BinaryTree", "BinaryTree\BinaryTree.csproj", "{2B6E4509-B045-4D8B-B9C2-02153BA09A12}"
EndProject
Project("{FAE04EC0-301F-11D3-BF4B-00C04F79EFBC}") = "BinaryTree.Tests", "BinaryTree.Tests\BinaryTree.Tests.csproj", "{354E22B0-F838-498C-8EA2-56B033DECEF0}"
EndProject
Global
	GlobalSection(SolutionConfigurationPlatforms) = preSolution
		Debug|Any CPU = Debug|Any CPU
		Release|Any CPU = Release|Any CPU
	EndGlobalSection
	GlobalSection(SolutionProperties) = preSolution
		HideSolutionNode = FALSE
	EndGlobalSection
	GlobalSection(ProjectConfigurationPlatforms) = postSolution
		{2B6E4509-B045-4D8B-B9C2-02153BA09A12}.Debug|Any CPU.ActiveCfg = Debug|Any CPU
		{2B6E4509-B045-4D8B-B9C2-02153BA09A12}.Debug|Any CPU.Build.0 = Debug|Any CPU
		{2B6E4509-B045-4D8B-B9C2-02153BA09A12}.Release|Any CPU.ActiveCfg = Release|Any CPU
		{2B6E4509-B045-4D8B-B9C2-02153BA09A12}.Release|Any CPU.Build.0 = Release|Any CPU
		{354E22B0-F838-498C-8EA2-56B033DECEF0}.Debug|Any CPU.ActiveCfg = Debug|Any CPU
		{354E22B0-F838-498C-8EA2-56B033DECEF0}.Debug|Any CPU.Build.0 = Debug|Any CPU
		{354E22B0-F838-498C-8EA2-56B033DECEF0}.Release|Any CPU.ActiveCfg = Release|Any CPU
		{354E22B0-F838-498C-8EA2-56B033DECEF0}.Release|Any CPU.Build.0 = Release|Any CPU
	EndGlobalSection
EndGlobal
